// !$*UTF8*$!
{
	archiveVersion = 1;
	classes = {
	};
	objectVersion = 46;
	objects = {

/* Begin PBXBuildFile section */
		64034C711E5A8A8E00CCF9ED /* MenuBar.swift in Sources */ = {isa = PBXBuildFile; fileRef = 64034C701E5A8A8E00CCF9ED /* MenuBar.swift */; };
		64D272AD1E3BBB4100939897 /* AppDelegate.swift in Sources */ = {isa = PBXBuildFile; fileRef = 64D272AC1E3BBB4100939897 /* AppDelegate.swift */; };
		64D272AF1E3BBB4100939897 /* HomeController.swift in Sources */ = {isa = PBXBuildFile; fileRef = 64D272AE1E3BBB4100939897 /* HomeController.swift */; };
		64D272B21E3BBB4100939897 /* Main.storyboard in Resources */ = {isa = PBXBuildFile; fileRef = 64D272B01E3BBB4100939897 /* Main.storyboard */; };
		64D272B41E3BBB4100939897 /* Assets.xcassets in Resources */ = {isa = PBXBuildFile; fileRef = 64D272B31E3BBB4100939897 /* Assets.xcassets */; };
		64D272B71E3BBB4100939897 /* LaunchScreen.storyboard in Resources */ = {isa = PBXBuildFile; fileRef = 64D272B51E3BBB4100939897 /* LaunchScreen.storyboard */; };
		64EF081D1E529A9300F30A56 /* Extensions.swift in Sources */ = {isa = PBXBuildFile; fileRef = 64EF081C1E529A9300F30A56 /* Extensions.swift */; };
		64EF08221E529C2D00F30A56 /* VideoCell.swift in Sources */ = {isa = PBXBuildFile; fileRef = 64EF08211E529C2D00F30A56 /* VideoCell.swift */; };
/* End PBXBuildFile section */

/* Begin PBXFileReference section */
		64034C701E5A8A8E00CCF9ED /* MenuBar.swift */ = {isa = PBXFileReference; fileEncoding = 4; lastKnownFileType = sourcecode.swift; path = MenuBar.swift; sourceTree = "<group>"; };
		64D272A91E3BBB4100939897 /* viewProgrametically.app */ = {isa = PBXFileReference; explicitFileType = wrapper.application; includeInIndex = 0; path = viewProgrametically.app; sourceTree = BUILT_PRODUCTS_DIR; };
		64D272AC1E3BBB4100939897 /* AppDelegate.swift */ = {isa = PBXFileReference; lastKnownFileType = sourcecode.swift; path = AppDelegate.swift; sourceTree = "<group>"; };
		64D272AE1E3BBB4100939897 /* HomeController.swift */ = {isa = PBXFileReference; lastKnownFileType = sourcecode.swift; path = HomeController.swift; sourceTree = "<group>"; };
		64D272B11E3BBB4100939897 /* Base */ = {isa = PBXFileReference; lastKnownFileType = file.storyboard; name = Base; path = Base.lproj/Main.storyboard; sourceTree = "<group>"; };
		64D272B31E3BBB4100939897 /* Assets.xcassets */ = {isa = PBXFileReference; lastKnownFileType = folder.assetcatalog; path = Assets.xcassets; sourceTree = "<group>"; };
		64D272B61E3BBB4100939897 /* Base */ = {isa = PBXFileReference; lastKnownFileType = file.storyboard; name = Base; path = Base.lproj/LaunchScreen.storyboard; sourceTree = "<group>"; };
		64D272B81E3BBB4100939897 /* Info.plist */ = {isa = PBXFileReference; lastKnownFileType = text.plist.xml; path = Info.plist; sourceTree = "<group>"; };
		64EF081C1E529A9300F30A56 /* Extensions.swift */ = {isa = PBXFileReference; fileEncoding = 4; lastKnownFileType = sourcecode.swift; path = Extensions.swift; sourceTree = "<group>"; };
		64EF08211E529C2D00F30A56 /* VideoCell.swift */ = {isa = PBXFileReference; fileEncoding = 4; lastKnownFileType = sourcecode.swift; path = VideoCell.swift; sourceTree = "<group>"; };
/* End PBXFileReference section */

/* Begin PBXFrameworksBuildPhase section */
		64D272A61E3BBB4100939897 /* Frameworks */ = {
			isa = PBXFrameworksBuildPhase;
			buildActionMask = 2147483647;
			files = (
			);
			runOnlyForDeploymentPostprocessing = 0;
		};
/* End PBXFrameworksBuildPhase section */

/* Begin PBXGroup section */
		64D272A01E3BBB4100939897 = {
			isa = PBXGroup;
			children = (
				64D272AB1E3BBB4100939897 /* viewProgrametically */,
				64D272AA1E3BBB4100939897 /* Products */,
			);
			sourceTree = "<group>";
		};
		64D272AA1E3BBB4100939897 /* Products */ = {
			isa = PBXGroup;
			children = (
				64D272A91E3BBB4100939897 /* viewProgrametically.app */,
			);
			name = Products;
			sourceTree = "<group>";
		};
		64D272AB1E3BBB4100939897 /* viewProgrametically */ = {
			isa = PBXGroup;
			children = (
				64EF08231E529C6900F30A56 /* Controller */,
				64EF081E1E529B2000F30A56 /* Views */,
				64EF081B1E529A7800F30A56 /* Helpers */,
				64D272AC1E3BBB4100939897 /* AppDelegate.swift */,
				64D272B01E3BBB4100939897 /* Main.storyboard */,
				64D272B31E3BBB4100939897 /* Assets.xcassets */,
				64D272B51E3BBB4100939897 /* LaunchScreen.storyboard */,
				64D272B81E3BBB4100939897 /* Info.plist */,
			);
			path = viewProgrametically;
			sourceTree = "<group>";
		};
		64EF081B1E529A7800F30A56 /* Helpers */ = {
			isa = PBXGroup;
			children = (
				64EF081C1E529A9300F30A56 /* Extensions.swift */,
			);
			name = Helpers;
			sourceTree = "<group>";
		};
		64EF081E1E529B2000F30A56 /* Views */ = {
			isa = PBXGroup;
			children = (
				64EF08211E529C2D00F30A56 /* VideoCell.swift */,
				64034C701E5A8A8E00CCF9ED /* MenuBar.swift */,
			);
			name = Views;
			sourceTree = "<group>";
		};
		64EF08231E529C6900F30A56 /* Controller */ = {
			isa = PBXGroup;
			children = (
				64D272AE1E3BBB4100939897 /* HomeController.swift */,
			);
			name = Controller;
			sourceTree = "<group>";
		};
/* End PBXGroup section */

/* Begin PBXNativeTarget section */
		64D272A81E3BBB4100939897 /* viewProgrametically */ = {
			isa = PBXNativeTarget;
			buildConfigurationList = 64D272BB1E3BBB4100939897 /* Build configuration list for PBXNativeTarget "viewProgrametically" */;
			buildPhases = (
				64D272A51E3BBB4100939897 /* Sources */,
				64D272A61E3BBB4100939897 /* Frameworks */,
				64D272A71E3BBB4100939897 /* Resources */,
			);
			buildRules = (
			);
			dependencies = (
			);
			name = viewProgrametically;
			productName = viewProgrametically;
			productReference = 64D272A91E3BBB4100939897 /* viewProgrametically.app */;
			productType = "com.apple.product-type.application";
		};
/* End PBXNativeTarget section */

/* Begin PBXProject section */
		64D272A11E3BBB4100939897 /* Project object */ = {
			isa = PBXProject;
			attributes = {
				LastSwiftUpdateCheck = 0730;
				LastUpgradeCheck = 0730;
				ORGANIZATIONNAME = "Abdullah A Mamun";
				TargetAttributes = {
					64D272A81E3BBB4100939897 = {
						CreatedOnToolsVersion = 7.3.1;
					};
				};
			};
			buildConfigurationList = 64D272A41E3BBB4100939897 /* Build configuration list for PBXProject "viewProgrametically" */;
			compatibilityVersion = "Xcode 3.2";
			developmentRegion = English;
			hasScannedForEncodings = 0;
			knownRegions = (
				en,
				Base,
			);
			mainGroup = 64D272A01E3BBB4100939897;
			productRefGroup = 64D272AA1E3BBB4100939897 /* Products */;
			projectDirPath = "";
			projectRoot = "";
			targets = (
				64D272A81E3BBB4100939897 /* viewProgrametically */,
			);
		};
/* End PBXProject section */

/* Begin PBXResourcesBuildPhase section */
		64D272A71E3BBB4100939897 /* Resources */ = {
			isa = PBXResourcesBuildPhase;
			buildActionMask = 2147483647;
			files = (
				64D272B71E3BBB4100939897 /* LaunchScreen.storyboard in Resources */,
				64D272B41E3BBB4100939897 /* Assets.xcassets in Resources */,
				64D272B21E3BBB4100939897 /* Main.storyboard in Resources */,
			);
			runOnlyForDeploymentPostprocessing = 0;
		};
/* End PBXResourcesBuildPhase section */

/* Begin PBXSourcesBuildPhase section */
		64D272A51E3BBB4100939897 /* Sources */ = {
			isa = PBXSourcesBuildPhase;
			buildActionMask = 2147483647;
			files = (
				64D272AF1E3BBB4100939897 /* HomeController.swift in Sources */,
				64EF08221E529C2D00F30A56 /* VideoCell.swift in Sources */,
				64EF081D1E529A9300F30A56 /* Extensions.swift in Sources */,
				64D272AD1E3BBB4100939897 /* AppDelegate.swift in Sources */,
				64034C711E5A8A8E00CCF9ED /* MenuBar.swift in Sources */,
			);
			runOnlyForDeploymentPostprocessing = 0;
		};
/* End PBXSourcesBuildPhase section */

/* Begin PBXVariantGroup section */
		64D272B01E3BBB4100939897 /* Main.storyboard */ = {
			isa = PBXVariantGroup;
			children = (
				64D272B11E3BBB4100939897 /* Base */,
			);
			name = Main.storyboard;
			sourceTree = "<group>";
		};
		64D272B51E3BBB4100939897 /* LaunchScreen.storyboard */ = {
			isa = PBXVariantGroup;
			children = (
				64D272B61E3BBB4100939897 /* Base */,
			);
			name = LaunchScreen.storyboard;
			sourceTree = "<group>";
		};
/* End PBXVariantGroup section */

/* Begin XCBuildConfiguration section */
		64D272B91E3BBB4100939897 /* Debug */ = {
			isa = XCBuildConfiguration;
			buildSettings = {
				ALWAYS_SEARCH_USER_PATHS = NO;
				CLANG_ANALYZER_NONNULL = YES;
				CLANG_CXX_LANGUAGE_STANDARD = "gnu++0x";
				CLANG_CXX_LIBRARY = "libc++";
				CLANG_ENABLE_MODULES = YES;
				CLANG_ENABLE_OBJC_ARC = YES;
				CLANG_WARN_BOOL_CONVERSION = YES;
				CLANG_WARN_CONSTANT_CONVERSION = YES;
				CLANG_WARN_DIRECT_OBJC_ISA_USAGE = YES_ERROR;
				CLANG_WARN_EMPTY_BODY = YES;
				CLANG_WARN_ENUM_CONVERSION = YES;
				CLANG_WARN_INT_CONVERSION = YES;
				CLANG_WARN_OBJC_ROOT_CLASS = YES_ERROR;
				CLANG_WARN_UNREACHABLE_CODE = YES;
				CLANG_WARN__DUPLICATE_METHOD_MATCH = YES;
				"CODE_SIGN_IDENTITY[sdk=iphoneos*]" = "iPhone Developer";
				COPY_PHASE_STRIP = NO;
				DEBUG_INFORMATION_FORMAT = dwarf;
				ENABLE_STRICT_OBJC_MSGSEND = YES;
				ENABLE_TESTABILITY = YES;
				GCC_C_LANGUAGE_STANDARD = gnu99;
				GCC_DYNAMIC_NO_PIC = NO;
				GCC_NO_COMMON_BLOCKS = YES;
				GCC_OPTIMIZATION_LEVEL = 0;
				GCC_PREPROCESSOR_DEFINITIONS = (
					"DEBUG=1",
					"$(inherited)",
				);
				GCC_WARN_64_TO_32_BIT_CONVERSION = YES;
				GCC_WARN_ABOUT_RETURN_TYPE = YES_ERROR;
				GCC_WARN_UNDECLARED_SELECTOR = YES;
				GCC_WARN_UNINITIALIZED_AUTOS = YES_AGGRESSIVE;
				GCC_WARN_UNUSED_FUNCTION = YES;
				GCC_WARN_UNUSED_VARIABLE = YES;
				IPHONEOS_DEPLOYMENT_TARGET = 9.3;
				MTL_ENABLE_DEBUG_INFO = YES;
				ONLY_ACTIVE_ARCH = YES;
				SDKROOT = iphoneos;
				SWIFT_OPTIMIZATION_LEVEL = "-Onone";
				TARGETED_DEVICE_FAMILY = "1,2";
			};
			name = Debug;
		};
		64D272BA1E3BBB4100939897 /* Release */ = {
			isa = XCBuildConfiguration;
			buildSettings = {
				ALWAYS_SEARCH_USER_PATHS = NO;
				CLANG_ANALYZER_NONNULL = YES;
				CLANG_CXX_LANGUAGE_STANDARD = "gnu++0x";
				CLANG_CXX_LIBRARY = "libc++";
				CLANG_ENABLE_MODULES = YES;
				CLANG_ENABLE_OBJC_ARC = YES;
				CLANG_WARN_BOOL_CONVERSION = YES;
				CLANG_WARN_CONSTANT_CONVERSION = YES;
				CLANG_WARN_DIRECT_OBJC_ISA_USAGE = YES_ERROR;
				CLANG_WARN_EMPTY_BODY = YES;
				CLANG_WARN_ENUM_CONVERSION = YES;
				CLANG_WARN_INT_CONVERSION = YES;
				CLANG_WARN_OBJC_ROOT_CLASS = YES_ERROR;
				CLANG_WARN_UNREACHABLE_CODE = YES;
				CLANG_WARN__DUPLICATE_METHOD_MATCH = YES;
				"CODE_SIGN_IDENTITY[sdk=iphoneos*]" = "iPhone Developer";
				COPY_PHASE_STRIP = NO;
				DEBUG_INFORMATION_FORMAT = "dwarf-with-dsym";
				ENABLE_NS_ASSERTIONS = NO;
				ENABLE_STRICT_OBJC_MSGSEND = YES;
				GCC_C_LANGUAGE_STANDARD = gnu99;
				GCC_NO_COMMON_BLOCKS = YES;
				GCC_WARN_64_TO_32_BIT_CONVERSION = YES;
				GCC_WARN_ABOUT_RETURN_TYPE = YES_ERROR;
				GCC_WARN_UNDECLARED_SELECTOR = YES;
				GCC_WARN_UNINITIALIZED_AUTOS = YES_AGGRESSIVE;
				GCC_WARN_UNUSED_FUNCTION = YES;
				GCC_WARN_UNUSED_VARIABLE = YES;
				IPHONEOS_DEPLOYMENT_TARGET = 9.3;
				MTL_ENABLE_DEBUG_INFO = NO;
				SDKROOT = iphoneos;
				TARGETED_DEVICE_FAMILY = "1,2";
				VALIDATE_PRODUCT = YES;
			};
			name = Release;
		};
		64D272BC1E3BBB4100939897 /* Debug */ = {
			isa = XCBuildConfiguration;
			buildSettings = {
				ASSETCATALOG_COMPILER_APPICON_NAME = AppIcon;
				INFOPLIST_FILE = viewProgrametically/Info.plist;
				LD_RUNPATH_SEARCH_PATHS = "$(inherited) @executable_path/Frameworks";
				PRODUCT_BUNDLE_IDENTIFIER = myApp.viewProgrametically;
				PRODUCT_NAME = "$(TARGET_NAME)";
			};
			name = Debug;
		};
		64D272BD1E3BBB4100939897 /* Release */ = {
			isa = XCBuildConfiguration;
			buildSettings = {
				ASSETCATALOG_COMPILER_APPICON_NAME = AppIcon;
				INFOPLIST_FILE = viewProgrametically/Info.plist;
				LD_RUNPATH_SEARCH_PATHS = "$(inherited) @executable_path/Frameworks";
				PRODUCT_BUNDLE_IDENTIFIER = myApp.viewProgrametically;
				PRODUCT_NAME = "$(TARGET_NAME)";
			};
			name = Release;
		};
/* End XCBuildConfiguration section */

/* Begin XCConfigurationList section */
		64D272A41E3BBB4100939897 /* Build configuration list for PBXProject "viewProgrametically" */ = {
			isa = XCConfigurationList;
			buildConfigurations = (
				64D272B91E3BBB4100939897 /* Debug */,
				64D272BA1E3BBB4100939897 /* Release */,
			);
			defaultConfigurationIsVisible = 0;
			defaultConfigurationName = Release;
		};
		64D272BB1E3BBB4100939897 /* Build configuration list for PBXNativeTarget "viewProgrametically" */ = {
			isa = XCConfigurationList;
			buildConfigurations = (
				64D272BC1E3BBB4100939897 /* Debug */,
				64D272BD1E3BBB4100939897 /* Release */,
			);
			defaultConfigurationIsVisible = 0;
			defaultConfigurationName = Release;
		};
/* End XCConfigurationList section */
	};
	rootObject = 64D272A11E3BBB4100939897 /* Project object */;
}
